
Microsoft Visual Studio Solution File, Format Version 12.00
# Visual Studio Version 17
VisualStudioVersion = 17.0.31903.59
MinimumVisualStudioVersion = 10.0.40219.1
Project("{FAE04EC0-301F-11D3-BF4B-00C04F79EFBC}") = "Cadastro.WorkerService", "src\Cadastro.WorkerService.csproj", "{13E624D4-444C-49C0-A7A9-D544F4D4C1DC}"
EndProject
Project("{FAE04EC0-301F-11D3-BF4B-00C04F79EFBC}") = "Cadastro.WorkerService.Test", "test\Cadastro.WorkerService.Test.csproj", "{6E6F4F9D-062F-400F-A691-93055B89C7E9}"
EndProject
Global
	GlobalSection(SolutionConfigurationPlatforms) = preSolution
		Debug|Any CPU = Debug|Any CPU
		Release|Any CPU = Release|Any CPU
	EndGlobalSection
	GlobalSection(SolutionProperties) = preSolution
		HideSolutionNode = FALSE
	EndGlobalSection
	GlobalSection(ProjectConfigurationPlatforms) = postSolution
		{13E624D4-444C-49C0-A7A9-D544F4D4C1DC}.Debug|Any CPU.ActiveCfg = Debug|Any CPU
		{13E624D4-444C-49C0-A7A9-D544F4D4C1DC}.Debug|Any CPU.Build.0 = Debug|Any CPU
		{13E624D4-444C-49C0-A7A9-D544F4D4C1DC}.Release|Any CPU.ActiveCfg = Release|Any CPU
		{13E624D4-444C-49C0-A7A9-D544F4D4C1DC}.Release|Any CPU.Build.0 = Release|Any CPU
		{6E6F4F9D-062F-400F-A691-93055B89C7E9}.Debug|Any CPU.ActiveCfg = Debug|Any CPU
		{6E6F4F9D-062F-400F-A691-93055B89C7E9}.Debug|Any CPU.Build.0 = Debug|Any CPU
		{6E6F4F9D-062F-400F-A691-93055B89C7E9}.Release|Any CPU.ActiveCfg = Release|Any CPU
		{6E6F4F9D-062F-400F-A691-93055B89C7E9}.Release|Any CPU.Build.0 = Release|Any CPU
	EndGlobalSection
EndGlobal
